
Microsoft Visual Studio Solution File, Format Version 12.00
# Visual Studio Version 16
VisualStudioVersion = 16.0.30413.136
MinimumVisualStudioVersion = 10.0.40219.1
Project("***REMOVED***9A19103F-16F7-4668-BE54-9A1E7A4F7556***REMOVED***") = "SmartMirror.Core", "SmartMirror.Core\SmartMirror.Core.csproj", "***REMOVED***8642AEDD-D41A-4046-94A7-3667CB72EFD2***REMOVED***"
EndProject
Global
	GlobalSection(SolutionConfigurationPlatforms) = preSolution
		Debug|Any CPU = Debug|Any CPU
		Debug|x64 = Debug|x64
		RaspberryDebug|Any CPU = RaspberryDebug|Any CPU
		RaspberryDebug|x64 = RaspberryDebug|x64
		RaspberryDebugRsync|Any CPU = RaspberryDebugRsync|Any CPU
		RaspberryDebugRsync|x64 = RaspberryDebugRsync|x64
		Release|Any CPU = Release|Any CPU
		Release|x64 = Release|x64
	EndGlobalSection
	GlobalSection(ProjectConfigurationPlatforms) = postSolution
		***REMOVED***8642AEDD-D41A-4046-94A7-3667CB72EFD2***REMOVED***.Debug|Any CPU.ActiveCfg = Debug|Any CPU
		***REMOVED***8642AEDD-D41A-4046-94A7-3667CB72EFD2***REMOVED***.Debug|Any CPU.Build.0 = Debug|Any CPU
		***REMOVED***8642AEDD-D41A-4046-94A7-3667CB72EFD2***REMOVED***.Debug|x64.ActiveCfg = Debug|Any CPU
		***REMOVED***8642AEDD-D41A-4046-94A7-3667CB72EFD2***REMOVED***.Debug|x64.Build.0 = Debug|Any CPU
		***REMOVED***8642AEDD-D41A-4046-94A7-3667CB72EFD2***REMOVED***.RaspberryDebug|Any CPU.ActiveCfg = RaspberryDebug|Any CPU
		***REMOVED***8642AEDD-D41A-4046-94A7-3667CB72EFD2***REMOVED***.RaspberryDebug|Any CPU.Build.0 = RaspberryDebug|Any CPU
		***REMOVED***8642AEDD-D41A-4046-94A7-3667CB72EFD2***REMOVED***.RaspberryDebug|x64.ActiveCfg = RaspberryDebug|Any CPU
		***REMOVED***8642AEDD-D41A-4046-94A7-3667CB72EFD2***REMOVED***.RaspberryDebug|x64.Build.0 = RaspberryDebug|Any CPU
		***REMOVED***8642AEDD-D41A-4046-94A7-3667CB72EFD2***REMOVED***.RaspberryDebugRsync|Any CPU.ActiveCfg = RaspberryDebugRsync|Any CPU
		***REMOVED***8642AEDD-D41A-4046-94A7-3667CB72EFD2***REMOVED***.RaspberryDebugRsync|Any CPU.Build.0 = RaspberryDebugRsync|Any CPU
		***REMOVED***8642AEDD-D41A-4046-94A7-3667CB72EFD2***REMOVED***.RaspberryDebugRsync|x64.ActiveCfg = RaspberryDebugRsync|Any CPU
		***REMOVED***8642AEDD-D41A-4046-94A7-3667CB72EFD2***REMOVED***.RaspberryDebugRsync|x64.Build.0 = RaspberryDebugRsync|Any CPU
		***REMOVED***8642AEDD-D41A-4046-94A7-3667CB72EFD2***REMOVED***.Release|Any CPU.ActiveCfg = Release|Any CPU
		***REMOVED***8642AEDD-D41A-4046-94A7-3667CB72EFD2***REMOVED***.Release|Any CPU.Build.0 = Release|Any CPU
		***REMOVED***8642AEDD-D41A-4046-94A7-3667CB72EFD2***REMOVED***.Release|x64.ActiveCfg = Release|Any CPU
		***REMOVED***8642AEDD-D41A-4046-94A7-3667CB72EFD2***REMOVED***.Release|x64.Build.0 = Release|Any CPU
	EndGlobalSection
	GlobalSection(SolutionProperties) = preSolution
		HideSolutionNode = FALSE
	EndGlobalSection
	GlobalSection(ExtensibilityGlobals) = postSolution
		SolutionGuid = ***REMOVED***BD8851EB-E565-408F-A189-3704318BD376***REMOVED***
	EndGlobalSection
EndGlobal
